
Microsoft Visual Studio Solution File, Format Version 12.00
# Visual Studio Version 17
VisualStudioVersion = 17.10.35013.160
MinimumVisualStudioVersion = 10.0.40219.1
Project("{2150E333-8FDC-42A3-9474-1A3956D46DE8}") = "src", "src", "{985EDD26-A729-4AB0-B8DC-CA73E1390407}"
EndProject
Project("{2150E333-8FDC-42A3-9474-1A3956D46DE8}") = "Services", "Services", "{91CC8C8B-25BE-4CFC-A223-DCBBF89F0627}"
EndProject
Global
	GlobalSection(SolutionProperties) = preSolution
		HideSolutionNode = FALSE
	EndGlobalSection
	GlobalSection(NestedProjects) = preSolution
		{91CC8C8B-25BE-4CFC-A223-DCBBF89F0627} = {985EDD26-A729-4AB0-B8DC-CA73E1390407}
	EndGlobalSection
	GlobalSection(ExtensibilityGlobals) = postSolution
		SolutionGuid = {8F013B1A-B395-4CFE-ADC4-D0227D0E8B10}
	EndGlobalSection
EndGlobal
